Microsoft Visual Studio Solution File, Format Version 12.00
# Visual Studio Version 17
VisualStudioVersion = 17.5.2.0
MinimumVisualStudioVersion = 10.0.40219.1
Project("{FAE04EC0-301F-11D3-BF4B-00C04F79EFBC}") = "MicMuteTool", "MicMuteTool.csproj", "{8F2A5EB7-BF2C-1171-ADA7-15A9E3AC8DBC}"
EndProject
Global
	GlobalSection(SolutionConfigurationPlatforms) = preSolution
		Debug|Any CPU = Debug|Any CPU
		Release|Any CPU = Release|Any CPU
	EndGlobalSection
	GlobalSection(ProjectConfigurationPlatforms) = postSolution
		{8F2A5EB7-BF2C-1171-ADA7-15A9E3AC8DBC}.Debug|Any CPU.ActiveCfg = Debug|Any CPU
		{8F2A5EB7-BF2C-1171-ADA7-15A9E3AC8DBC}.Debug|Any CPU.Build.0 = Debug|Any CPU
		{8F2A5EB7-BF2C-1171-ADA7-15A9E3AC8DBC}.Release|Any CPU.ActiveCfg = Release|Any CPU
		{8F2A5EB7-BF2C-1171-ADA7-15A9E3AC8DBC}.Release|Any CPU.Build.0 = Release|Any CPU
	EndGlobalSection
	GlobalSection(SolutionProperties) = preSolution
		HideSolutionNode = FALSE
	EndGlobalSection
	GlobalSection(ExtensibilityGlobals) = postSolution
		SolutionGuid = {CDB263C0-832D-4A8F-B007-D24336FD4FD5}
	EndGlobalSection
EndGlobal
